{
  "name": "ramdom-str-msg-eli",
  "version": "1.0.0",
  "lockfileVersion": 3,
  "requires": true,
  "packages": {
    "": {
      "name": "ramdom-str-msg-eli",
      "version": "1.0.0",
      "license": "MIT",
      "dependencies": {
        "g": "^2.0.1",
        "ramdom-str-msg-eli": "^1.0.0"
      },
      "bin": {
        "str.msg": "bin/global.js"
      }
    },
    "node_modules/g": {
      "version": "2.0.1",
      "resolved": "https://registry.npmjs.org/g/-/g-2.0.1.tgz",
      "integrity": "sha512-Fi6Ng5fZ/ANLQ15H11hCe+09sgUoNvDEBevVgx3KoYOhsH5iLNPn54hx0jPZ+3oSWr+xajnp2Qau9VmPsc7hTA==",
      "license": "MIT"
    },
    "node_modules/ramdom-str-msg-eli": {
      "version": "1.0.0",
      "resolved": "https://registry.npmjs.org/ramdom-str-msg-eli/-/ramdom-str-msg-eli-1.0.0.tgz",
      "integrity": "sha512-jF9Lt6i4IAMbjCzhBsWHw6dL3UHrXB0+HCxCPQAiSletjs+KPM0SGtT55YqUHcLNYPDdtCjPOAH9DJoE5Mmq3g==",
      "license": "MIT",
      "dependencies": {
        "g": "^2.0.1"
      },
      "bin": {
        "str.msg": "bin/global.js"
      }
    }
  }
}
